
Microsoft Visual Studio Solution File, Format Version 12.00
# Visual Studio Version 17
VisualStudioVersion = 17.4.33205.214
MinimumVisualStudioVersion = 10.0.40219.1
Project("{FAE04EC0-301F-11D3-BF4B-00C04F79EFBC}") = "Arduino_PulseGenerator", "Arduino_PulseGenerator\Arduino_PulseGenerator.csproj", "{4D798D18-4248-464F-AF94-35D01B4CCCB2}"
EndProject
Global
	GlobalSection(SolutionConfigurationPlatforms) = preSolution
		Debug|Any CPU = Debug|Any CPU
		Release|Any CPU = Release|Any CPU
	EndGlobalSection
	GlobalSection(ProjectConfigurationPlatforms) = postSolution
		{4D798D18-4248-464F-AF94-35D01B4CCCB2}.Debug|Any CPU.ActiveCfg = Debug|Any CPU
		{4D798D18-4248-464F-AF94-35D01B4CCCB2}.Debug|Any CPU.Build.0 = Debug|Any CPU
		{4D798D18-4248-464F-AF94-35D01B4CCCB2}.Release|Any CPU.ActiveCfg = Release|Any CPU
		{4D798D18-4248-464F-AF94-35D01B4CCCB2}.Release|Any CPU.Build.0 = Release|Any CPU
	EndGlobalSection
	GlobalSection(SolutionProperties) = preSolution
		HideSolutionNode = FALSE
	EndGlobalSection
	GlobalSection(ExtensibilityGlobals) = postSolution
		SolutionGuid = {97008050-477B-4688-B469-4FDF094439D5}
	EndGlobalSection
EndGlobal
